
Microsoft Visual Studio Solution File, Format Version 12.00
# Visual Studio Version 17
VisualStudioVersion = 17.0.31903.59
MinimumVisualStudioVersion = 10.0.40219.1
Project("{FAE04EC0-301F-11D3-BF4B-00C04F79EFBC}") = "MyMath", "MyMath\MyMath.csproj", "{A6717C5B-CFB0-4EC5-950D-CB23CE0548F7}"
EndProject
Project("{FAE04EC0-301F-11D3-BF4B-00C04F79EFBC}") = "MyMathTests", "MyMathTests\MyMathTests.csproj", "{70D16C7C-DD4B-4AB1-9B83-D2F740468699}"
EndProject
Global
	GlobalSection(SolutionConfigurationPlatforms) = preSolution
		Debug|Any CPU = Debug|Any CPU
		Release|Any CPU = Release|Any CPU
	EndGlobalSection
	GlobalSection(SolutionProperties) = preSolution
		HideSolutionNode = FALSE
	EndGlobalSection
	GlobalSection(ProjectConfigurationPlatforms) = postSolution
		{A6717C5B-CFB0-4EC5-950D-CB23CE0548F7}.Debug|Any CPU.ActiveCfg = Debug|Any CPU
		{A6717C5B-CFB0-4EC5-950D-CB23CE0548F7}.Debug|Any CPU.Build.0 = Debug|Any CPU
		{A6717C5B-CFB0-4EC5-950D-CB23CE0548F7}.Release|Any CPU.ActiveCfg = Release|Any CPU
		{A6717C5B-CFB0-4EC5-950D-CB23CE0548F7}.Release|Any CPU.Build.0 = Release|Any CPU
		{70D16C7C-DD4B-4AB1-9B83-D2F740468699}.Debug|Any CPU.ActiveCfg = Debug|Any CPU
		{70D16C7C-DD4B-4AB1-9B83-D2F740468699}.Debug|Any CPU.Build.0 = Debug|Any CPU
		{70D16C7C-DD4B-4AB1-9B83-D2F740468699}.Release|Any CPU.ActiveCfg = Release|Any CPU
		{70D16C7C-DD4B-4AB1-9B83-D2F740468699}.Release|Any CPU.Build.0 = Release|Any CPU
	EndGlobalSection
EndGlobal
